
Microsoft Visual Studio Solution File, Format Version 12.00
# Visual Studio Version 17
VisualStudioVersion = 17.4.33213.308
MinimumVisualStudioVersion = 10.0.40219.1
Project("{FAE04EC0-301F-11D3-BF4B-00C04F79EFBC}") = "SyntheticTestingBot", "SyntheticTestingBot\SyntheticTestingBot.csproj", "{A2F26BBC-2829-4040-A531-D1EFDE2780FA}"
EndProject
Global
	GlobalSection(SolutionConfigurationPlatforms) = preSolution
		Debug|Any CPU = Debug|Any CPU
		Release|Any CPU = Release|Any CPU
	EndGlobalSection
	GlobalSection(ProjectConfigurationPlatforms) = postSolution
		{A2F26BBC-2829-4040-A531-D1EFDE2780FA}.Debug|Any CPU.ActiveCfg = Debug|Any CPU
		{A2F26BBC-2829-4040-A531-D1EFDE2780FA}.Debug|Any CPU.Build.0 = Debug|Any CPU
		{A2F26BBC-2829-4040-A531-D1EFDE2780FA}.Release|Any CPU.ActiveCfg = Release|Any CPU
		{A2F26BBC-2829-4040-A531-D1EFDE2780FA}.Release|Any CPU.Build.0 = Release|Any CPU
	EndGlobalSection
	GlobalSection(SolutionProperties) = preSolution
		HideSolutionNode = FALSE
	EndGlobalSection
	GlobalSection(ExtensibilityGlobals) = postSolution
		SolutionGuid = {835655F1-C329-45D7-A189-3B196221C9E3}
	EndGlobalSection
EndGlobal
